<?xml version="1.0" encoding="utf-8"?>
<Project ToolsVersion="4.0" xmlns="http://schemas.microsoft.com/developer/msbuild/2003">
  <ItemGroup>
    <Filter Include="源文件">
      <UniqueIdentifier>{4FC737F1-C7A5-4376-A066-2A32D752A2FF}</UniqueIdentifier>
      <Extensions>cpp;c;cc;cxx;def;odl;idl;hpj;bat;asm;asmx</Extensions>
    </Filter>
    <Filter Include="头文件">
      <UniqueIdentifier>{93995380-89BD-4b04-88EB-625FBE52EBFB}</UniqueIdentifier>
      <Extensions>h;hh;hpp;hxx;hm;inl;inc;ipp;xsd</Extensions>
    </Filter>
    <Filter Include="资源文件">
      <UniqueIdentifier>{67DA6AB6-F800-4c08-8B7A-83BB121AAD01}</UniqueIdentifier>
      <Extensions>rc;ico;cur;bmp;dlg;rc2;rct;bin;rgs;gif;jpg;jpeg;jpe;resx;tiff;tif;png;wav;mfcribbon-ms</Extensions>
    </Filter>
  </ItemGroup>
  <ItemGroup>
    <ClInclude Include="common.h">
      <Filter>头文件</Filter>
    </ClInclude>
    <ClInclude Include="config.h">
      <Filter>头文件</Filter>
    </ClInclude>
    <ClInclude Include="correct.h">
      <Filter>头文件</Filter>
    </ClInclude>
    <ClInclude Include="INS.h">
      <Filter>头文件</Filter>
    </ClInclude>
    <ClInclude Include="gnss.h">
      <Filter>头文件</Filter>
    </ClInclude>
    <ClInclude Include="global.h">
      <Filter>头文件</Filter>
    </ClInclude>
    <ClInclude Include="spp.h">
      <Filter>头文件</Filter>
    </ClInclude>
    <ClInclude Include="rtk.h">
      <Filter>头文件</Filter>
    </ClInclude>
    <ClInclude Include="rnx.h">
      <Filter>头文件</Filter>
    </ClInclude>
    <ClInclude Include="resform.h">
      <Filter>头文件</Filter>
    </ClInclude>
    <ClInclude Include="preprocess.h">
      <Filter>头文件</Filter>
    </ClInclude>
    <ClInclude Include="orbit.h">
      <Filter>头文件</Filter>
    </ClInclude>
    <ClInclude Include="optimum.h">
      <Filter>头文件</Filter>
    </ClInclude>
    <ClInclude Include="LC.h">
      <Filter>头文件</Filter>
    </ClInclude>
    <ClInclude Include="lambda.h">
      <Filter>头文件</Filter>
    </ClInclude>
  </ItemGroup>
  <ItemGroup>
    <ClCompile Include="common.cpp">
      <Filter>源文件</Filter>
    </ClCompile>
    <ClCompile Include="config.cpp">
      <Filter>源文件</Filter>
    </ClCompile>
    <ClCompile Include="LC.cpp">
      <Filter>源文件</Filter>
    </ClCompile>
    <ClCompile Include="lambda.cpp">
      <Filter>源文件</Filter>
    </ClCompile>
    <ClCompile Include="INS.cpp">
      <Filter>源文件</Filter>
    </ClCompile>
    <ClCompile Include="gnss.cpp">
      <Filter>源文件</Filter>
    </ClCompile>
    <ClCompile Include="correct.cpp">
      <Filter>源文件</Filter>
    </ClCompile>
    <ClCompile Include="spp.cpp">
      <Filter>源文件</Filter>
    </ClCompile>
    <ClCompile Include="rtk.cpp">
      <Filter>源文件</Filter>
    </ClCompile>
    <ClCompile Include="rnx.cpp">
      <Filter>源文件</Filter>
    </ClCompile>
    <ClCompile Include="resform.cpp">
      <Filter>源文件</Filter>
    </ClCompile>
    <ClCompile Include="preprocess.cpp">
      <Filter>源文件</Filter>
    </ClCompile>
    <ClCompile Include="orbit.cpp">
      <Filter>源文件</Filter>
    </ClCompile>
    <ClCompile Include="optimum.cpp">
      <Filter>源文件</Filter>
    </ClCompile>
    <ClCompile Include="main.cpp">
      <Filter>源文件</Filter>
    </ClCompile>
  </ItemGroup>
  <ItemGroup>
    <Text Include="..\data\lc_res.txt">
      <Filter>资源文件</Filter>
    </Text>
  </ItemGroup>
  <ItemGroup>
    <None Include="..\config\gnss.cfg">
      <Filter>资源文件</Filter>
    </None>
  </ItemGroup>
</Project>